
Microsoft Visual Studio Solution File, Format Version 12.00
# Visual Studio Version 17
VisualStudioVersion = 17.8.34322.80
MinimumVisualStudioVersion = 10.0.40219.1
Project("{9A19103F-16F7-4668-BE54-9A1E7A4F7556}") = "OpenIDGord", "ConsoleApp\OpenIDGord.csproj", "{D710101F-F428-4E6F-9581-BD58F4EBBA53}"
EndProject
Project("{9A19103F-16F7-4668-BE54-9A1E7A4F7556}") = "AuthModelLib", "AuthModelLib\AuthModelLib.csproj", "{9B92AF79-548C-42D9-9B05-61F08BEAE6BD}"
EndProject
Global
	GlobalSection(SolutionConfigurationPlatforms) = preSolution
		Debug|Any CPU = Debug|Any CPU
		Release|Any CPU = Release|Any CPU
	EndGlobalSection
	GlobalSection(ProjectConfigurationPlatforms) = postSolution
		{D710101F-F428-4E6F-9581-BD58F4EBBA53}.Debug|Any CPU.ActiveCfg = Debug|Any CPU
		{D710101F-F428-4E6F-9581-BD58F4EBBA53}.Debug|Any CPU.Build.0 = Debug|Any CPU
		{D710101F-F428-4E6F-9581-BD58F4EBBA53}.Release|Any CPU.ActiveCfg = Release|Any CPU
		{D710101F-F428-4E6F-9581-BD58F4EBBA53}.Release|Any CPU.Build.0 = Release|Any CPU
		{9B92AF79-548C-42D9-9B05-61F08BEAE6BD}.Debug|Any CPU.ActiveCfg = Debug|Any CPU
		{9B92AF79-548C-42D9-9B05-61F08BEAE6BD}.Debug|Any CPU.Build.0 = Debug|Any CPU
		{9B92AF79-548C-42D9-9B05-61F08BEAE6BD}.Release|Any CPU.ActiveCfg = Release|Any CPU
		{9B92AF79-548C-42D9-9B05-61F08BEAE6BD}.Release|Any CPU.Build.0 = Release|Any CPU
	EndGlobalSection
	GlobalSection(SolutionProperties) = preSolution
		HideSolutionNode = FALSE
	EndGlobalSection
	GlobalSection(ExtensibilityGlobals) = postSolution
		SolutionGuid = {C736B288-62C8-459F-9DEA-C0655CE4AEC3}
	EndGlobalSection
EndGlobal
